
Microsoft Visual Studio Solution File, Format Version 12.00
# Visual Studio Version 16
VisualStudioVersion = 16.0.30320.27
MinimumVisualStudioVersion = 10.0.40219.1
Project("{FAE04EC0-301F-11D3-BF4B-00C04F79EFBC}") = "VISAAssessment.WebUI", "VISAAssessment.WebUI\VISAAssessment.WebUI.csproj", "{6EDDADF0-FDA0-429E-AB54-0C7C0EFFC607}"
EndProject
Project("{FAE04EC0-301F-11D3-BF4B-00C04F79EFBC}") = "VISAAssessmentSystem.Core", "VISAAssessmentSystem.Core\VISAAssessmentSystem.Core.csproj", "{D7D63471-549E-40F3-B85A-6B2099600BF7}"
EndProject
Project("{FAE04EC0-301F-11D3-BF4B-00C04F79EFBC}") = "VISAAssessmentSystem.SQL", "VISAAssessmentSystem.SQL\VISAAssessmentSystem.SQL.csproj", "{99FFEF11-CB3E-4EB9-9D92-572416B7FB8A}"
EndProject
Global
	GlobalSection(SolutionConfigurationPlatforms) = preSolution
		Debug|Any CPU = Debug|Any CPU
		Release|Any CPU = Release|Any CPU
	EndGlobalSection
	GlobalSection(ProjectConfigurationPlatforms) = postSolution
		{6EDDADF0-FDA0-429E-AB54-0C7C0EFFC607}.Debug|Any CPU.ActiveCfg = Debug|Any CPU
		{6EDDADF0-FDA0-429E-AB54-0C7C0EFFC607}.Debug|Any CPU.Build.0 = Debug|Any CPU
		{6EDDADF0-FDA0-429E-AB54-0C7C0EFFC607}.Release|Any CPU.ActiveCfg = Release|Any CPU
		{6EDDADF0-FDA0-429E-AB54-0C7C0EFFC607}.Release|Any CPU.Build.0 = Release|Any CPU
		{D7D63471-549E-40F3-B85A-6B2099600BF7}.Debug|Any CPU.ActiveCfg = Debug|Any CPU
		{D7D63471-549E-40F3-B85A-6B2099600BF7}.Debug|Any CPU.Build.0 = Debug|Any CPU
		{D7D63471-549E-40F3-B85A-6B2099600BF7}.Release|Any CPU.ActiveCfg = Release|Any CPU
		{D7D63471-549E-40F3-B85A-6B2099600BF7}.Release|Any CPU.Build.0 = Release|Any CPU
		{99FFEF11-CB3E-4EB9-9D92-572416B7FB8A}.Debug|Any CPU.ActiveCfg = Debug|Any CPU
		{99FFEF11-CB3E-4EB9-9D92-572416B7FB8A}.Debug|Any CPU.Build.0 = Debug|Any CPU
		{99FFEF11-CB3E-4EB9-9D92-572416B7FB8A}.Release|Any CPU.ActiveCfg = Release|Any CPU
		{99FFEF11-CB3E-4EB9-9D92-572416B7FB8A}.Release|Any CPU.Build.0 = Release|Any CPU
	EndGlobalSection
	GlobalSection(SolutionProperties) = preSolution
		HideSolutionNode = FALSE
	EndGlobalSection
	GlobalSection(ExtensibilityGlobals) = postSolution
		SolutionGuid = {6E47A17E-EC71-47E1-AAC3-5B06FF86A3C3}
	EndGlobalSection
EndGlobal
